
Microsoft Visual Studio Solution File, Format Version 12.00
# Visual Studio 15
VisualStudioVersion = 15.0.28307.852
MinimumVisualStudioVersion = 10.0.40219.1
Project("{FAE04EC0-301F-11D3-BF4B-00C04F79EFBC}") = "SignalRHub", "SignalRHub\SignalRHub.csproj", "{285D6855-AEF9-4D5A-9FCC-E99D7E0F38BC}"
EndProject
Project("{FAE04EC0-301F-11D3-BF4B-00C04F79EFBC}") = "ClientWPF", "ClientWPF\ClientWPF.csproj", "{23377CBB-B7FE-4800-8AE8-20DC17AAF570}"
EndProject
Project("{FAE04EC0-301F-11D3-BF4B-00C04F79EFBC}") = "ClientXamarin.Android", "ClientXamarin\Android\ClientXamarin.Android.csproj", "{50A0F6BB-48C7-42B1-A1FE-1872EC0D9E76}"
EndProject
Project("{FAE04EC0-301F-11D3-BF4B-00C04F79EFBC}") = "ClientXamarin.iOS", "ClientXamarin\iOS\ClientXamarin.iOS.csproj", "{992B65D8-17A7-441F-AB5B-6BF82CEB5234}"
EndProject
Project("{FAE04EC0-301F-11D3-BF4B-00C04F79EFBC}") = "ClientXamarin.Portable", "ClientXamarin\Portable\ClientXamarin.Portable.csproj", "{8663970D-6EB1-400B-BCC8-28EFA1279E8F}"
EndProject
Global
	GlobalSection(SolutionConfigurationPlatforms) = preSolution
		Ad-Hoc|Any CPU = Ad-Hoc|Any CPU
		Ad-Hoc|ARM = Ad-Hoc|ARM
		Ad-Hoc|iPhone = Ad-Hoc|iPhone
		Ad-Hoc|iPhoneSimulator = Ad-Hoc|iPhoneSimulator
		Ad-Hoc|x64 = Ad-Hoc|x64
		Ad-Hoc|x86 = Ad-Hoc|x86
		AppStore|Any CPU = AppStore|Any CPU
		AppStore|ARM = AppStore|ARM
		AppStore|iPhone = AppStore|iPhone
		AppStore|iPhoneSimulator = AppStore|iPhoneSimulator
		AppStore|x64 = AppStore|x64
		AppStore|x86 = AppStore|x86
		Debug|Any CPU = Debug|Any CPU
		Debug|ARM = Debug|ARM
		Debug|iPhone = Debug|iPhone
		Debug|iPhoneSimulator = Debug|iPhoneSimulator
		Debug|x64 = Debug|x64
		Debug|x86 = Debug|x86
		Release|Any CPU = Release|Any CPU
		Release|ARM = Release|ARM
		Release|iPhone = Release|iPhone
		Release|iPhoneSimulator = Release|iPhoneSimulator
		Release|x64 = Release|x64
		Release|x86 = Release|x86
	EndGlobalSection
	GlobalSection(ProjectConfigurationPlatforms) = postSolution
		{285D6855-AEF9-4D5A-9FCC-E99D7E0F38BC}.Ad-Hoc|Any CPU.ActiveCfg = Release|Any CPU
		{285D6855-AEF9-4D5A-9FCC-E99D7E0F38BC}.Ad-Hoc|Any CPU.Build.0 = Release|Any CPU
		{285D6855-AEF9-4D5A-9FCC-E99D7E0F38BC}.Ad-Hoc|ARM.ActiveCfg = Release|Any CPU
		{285D6855-AEF9-4D5A-9FCC-E99D7E0F38BC}.Ad-Hoc|ARM.Build.0 = Release|Any CPU
		{285D6855-AEF9-4D5A-9FCC-E99D7E0F38BC}.Ad-Hoc|iPhone.ActiveCfg = Release|Any CPU
		{285D6855-AEF9-4D5A-9FCC-E99D7E0F38BC}.Ad-Hoc|iPhone.Build.0 = Release|Any CPU
		{285D6855-AEF9-4D5A-9FCC-E99D7E0F38BC}.Ad-Hoc|iPhoneSimulator.ActiveCfg = Release|Any CPU
		{285D6855-AEF9-4D5A-9FCC-E99D7E0F38BC}.Ad-Hoc|iPhoneSimulator.Build.0 = Release|Any CPU
		{285D6855-AEF9-4D5A-9FCC-E99D7E0F38BC}.Ad-Hoc|x64.ActiveCfg = Release|Any CPU
		{285D6855-AEF9-4D5A-9FCC-E99D7E0F38BC}.Ad-Hoc|x64.Build.0 = Release|Any CPU
		{285D6855-AEF9-4D5A-9FCC-E99D7E0F38BC}.Ad-Hoc|x86.ActiveCfg = Release|Any CPU
		{285D6855-AEF9-4D5A-9FCC-E99D7E0F38BC}.Ad-Hoc|x86.Build.0 = Release|Any CPU
		{285D6855-AEF9-4D5A-9FCC-E99D7E0F38BC}.AppStore|Any CPU.ActiveCfg = Release|Any CPU
		{285D6855-AEF9-4D5A-9FCC-E99D7E0F38BC}.AppStore|Any CPU.Build.0 = Release|Any CPU
		{285D6855-AEF9-4D5A-9FCC-E99D7E0F38BC}.AppStore|ARM.ActiveCfg = Release|Any CPU
		{285D6855-AEF9-4D5A-9FCC-E99D7E0F38BC}.AppStore|ARM.Build.0 = Release|Any CPU
		{285D6855-AEF9-4D5A-9FCC-E99D7E0F38BC}.AppStore|iPhone.ActiveCfg = Release|Any CPU
		{285D6855-AEF9-4D5A-9FCC-E99D7E0F38BC}.AppStore|iPhone.Build.0 = Release|Any CPU
		{285D6855-AEF9-4D5A-9FCC-E99D7E0F38BC}.AppStore|iPhoneSimulator.ActiveCfg = Release|Any CPU
		{285D6855-AEF9-4D5A-9FCC-E99D7E0F38BC}.AppStore|iPhoneSimulator.Build.0 = Release|Any CPU
		{285D6855-AEF9-4D5A-9FCC-E99D7E0F38BC}.AppStore|x64.ActiveCfg = Release|Any CPU
		{285D6855-AEF9-4D5A-9FCC-E99D7E0F38BC}.AppStore|x64.Build.0 = Release|Any CPU
		{285D6855-AEF9-4D5A-9FCC-E99D7E0F38BC}.AppStore|x86.ActiveCfg = Release|Any CPU
		{285D6855-AEF9-4D5A-9FCC-E99D7E0F38BC}.AppStore|x86.Build.0 = Release|Any CPU
		{285D6855-AEF9-4D5A-9FCC-E99D7E0F38BC}.Debug|Any CPU.ActiveCfg = Debug|Any CPU
		{285D6855-AEF9-4D5A-9FCC-E99D7E0F38BC}.Debug|Any CPU.Build.0 = Debug|Any CPU
		{285D6855-AEF9-4D5A-9FCC-E99D7E0F38BC}.Debug|ARM.ActiveCfg = Debug|Any CPU
		{285D6855-AEF9-4D5A-9FCC-E99D7E0F38BC}.Debug|ARM.Build.0 = Debug|Any CPU
		{285D6855-AEF9-4D5A-9FCC-E99D7E0F38BC}.Debug|iPhone.ActiveCfg = Debug|Any CPU
		{285D6855-AEF9-4D5A-9FCC-E99D7E0F38BC}.Debug|iPhone.Build.0 = Debug|Any CPU
		{285D6855-AEF9-4D5A-9FCC-E99D7E0F38BC}.Debug|iPhoneSimulator.ActiveCfg = Debug|Any CPU
		{285D6855-AEF9-4D5A-9FCC-E99D7E0F38BC}.Debug|iPhoneSimulator.Build.0 = Debug|Any CPU
		{285D6855-AEF9-4D5A-9FCC-E99D7E0F38BC}.Debug|x64.ActiveCfg = Debug|Any CPU
		{285D6855-AEF9-4D5A-9FCC-E99D7E0F38BC}.Debug|x64.Build.0 = Debug|Any CPU
		{285D6855-AEF9-4D5A-9FCC-E99D7E0F38BC}.Debug|x86.ActiveCfg = Debug|Any CPU
		{285D6855-AEF9-4D5A-9FCC-E99D7E0F38BC}.Debug|x86.Build.0 = Debug|Any CPU
		{285D6855-AEF9-4D5A-9FCC-E99D7E0F38BC}.Release|Any CPU.ActiveCfg = Release|Any CPU
		{285D6855-AEF9-4D5A-9FCC-E99D7E0F38BC}.Release|Any CPU.Build.0 = Release|Any CPU
		{285D6855-AEF9-4D5A-9FCC-E99D7E0F38BC}.Release|ARM.ActiveCfg = Release|Any CPU
		{285D6855-AEF9-4D5A-9FCC-E99D7E0F38BC}.Release|ARM.Build.0 = Release|Any CPU
		{285D6855-AEF9-4D5A-9FCC-E99D7E0F38BC}.Release|iPhone.ActiveCfg = Release|Any CPU
		{285D6855-AEF9-4D5A-9FCC-E99D7E0F38BC}.Release|iPhone.Build.0 = Release|Any CPU
		{285D6855-AEF9-4D5A-9FCC-E99D7E0F38BC}.Release|iPhoneSimulator.ActiveCfg = Release|Any CPU
		{285D6855-AEF9-4D5A-9FCC-E99D7E0F38BC}.Release|iPhoneSimulator.Build.0 = Release|Any CPU
		{285D6855-AEF9-4D5A-9FCC-E99D7E0F38BC}.Release|x64.ActiveCfg = Release|Any CPU
		{285D6855-AEF9-4D5A-9FCC-E99D7E0F38BC}.Release|x64.Build.0 = Release|Any CPU
		{285D6855-AEF9-4D5A-9FCC-E99D7E0F38BC}.Release|x86.ActiveCfg = Release|Any CPU
		{285D6855-AEF9-4D5A-9FCC-E99D7E0F38BC}.Release|x86.Build.0 = Release|Any CPU
		{23377CBB-B7FE-4800-8AE8-20DC17AAF570}.Ad-Hoc|Any CPU.ActiveCfg = Release|Any CPU
		{23377CBB-B7FE-4800-8AE8-20DC17AAF570}.Ad-Hoc|Any CPU.Build.0 = Release|Any CPU
		{23377CBB-B7FE-4800-8AE8-20DC17AAF570}.Ad-Hoc|ARM.ActiveCfg = Release|Any CPU
		{23377CBB-B7FE-4800-8AE8-20DC17AAF570}.Ad-Hoc|ARM.Build.0 = Release|Any CPU
		{23377CBB-B7FE-4800-8AE8-20DC17AAF570}.Ad-Hoc|iPhone.ActiveCfg = Release|Any CPU
		{23377CBB-B7FE-4800-8AE8-20DC17AAF570}.Ad-Hoc|iPhone.Build.0 = Release|Any CPU
		{23377CBB-B7FE-4800-8AE8-20DC17AAF570}.Ad-Hoc|iPhoneSimulator.ActiveCfg = Release|Any CPU
		{23377CBB-B7FE-4800-8AE8-20DC17AAF570}.Ad-Hoc|iPhoneSimulator.Build.0 = Release|Any CPU
		{23377CBB-B7FE-4800-8AE8-20DC17AAF570}.Ad-Hoc|x64.ActiveCfg = Release|Any CPU
		{23377CBB-B7FE-4800-8AE8-20DC17AAF570}.Ad-Hoc|x64.Build.0 = Release|Any CPU
		{23377CBB-B7FE-4800-8AE8-20DC17AAF570}.Ad-Hoc|x86.ActiveCfg = Release|Any CPU
		{23377CBB-B7FE-4800-8AE8-20DC17AAF570}.Ad-Hoc|x86.Build.0 = Release|Any CPU
		{23377CBB-B7FE-4800-8AE8-20DC17AAF570}.AppStore|Any CPU.ActiveCfg = Release|Any CPU
		{23377CBB-B7FE-4800-8AE8-20DC17AAF570}.AppStore|Any CPU.Build.0 = Release|Any CPU
		{23377CBB-B7FE-4800-8AE8-20DC17AAF570}.AppStore|ARM.ActiveCfg = Release|Any CPU
		{23377CBB-B7FE-4800-8AE8-20DC17AAF570}.AppStore|ARM.Build.0 = Release|Any CPU
		{23377CBB-B7FE-4800-8AE8-20DC17AAF570}.AppStore|iPhone.ActiveCfg = Release|Any CPU
		{23377CBB-B7FE-4800-8AE8-20DC17AAF570}.AppStore|iPhone.Build.0 = Release|Any CPU
		{23377CBB-B7FE-4800-8AE8-20DC17AAF570}.AppStore|iPhoneSimulator.ActiveCfg = Release|Any CPU
		{23377CBB-B7FE-4800-8AE8-20DC17AAF570}.AppStore|iPhoneSimulator.Build.0 = Release|Any CPU
		{23377CBB-B7FE-4800-8AE8-20DC17AAF570}.AppStore|x64.ActiveCfg = Release|Any CPU
		{23377CBB-B7FE-4800-8AE8-20DC17AAF570}.AppStore|x64.Build.0 = Release|Any CPU
		{23377CBB-B7FE-4800-8AE8-20DC17AAF570}.AppStore|x86.ActiveCfg = Release|Any CPU
		{23377CBB-B7FE-4800-8AE8-20DC17AAF570}.AppStore|x86.Build.0 = Release|Any CPU
		{23377CBB-B7FE-4800-8AE8-20DC17AAF570}.Debug|Any CPU.ActiveCfg = Debug|Any CPU
		{23377CBB-B7FE-4800-8AE8-20DC17AAF570}.Debug|Any CPU.Build.0 = Debug|Any CPU
		{23377CBB-B7FE-4800-8AE8-20DC17AAF570}.Debug|ARM.ActiveCfg = Debug|Any CPU
		{23377CBB-B7FE-4800-8AE8-20DC17AAF570}.Debug|ARM.Build.0 = Debug|Any CPU
		{23377CBB-B7FE-4800-8AE8-20DC17AAF570}.Debug|iPhone.ActiveCfg = Debug|Any CPU
		{23377CBB-B7FE-4800-8AE8-20DC17AAF570}.Debug|iPhone.Build.0 = Debug|Any CPU
		{23377CBB-B7FE-4800-8AE8-20DC17AAF570}.Debug|iPhoneSimulator.ActiveCfg = Debug|Any CPU
		{23377CBB-B7FE-4800-8AE8-20DC17AAF570}.Debug|iPhoneSimulator.Build.0 = Debug|Any CPU
		{23377CBB-B7FE-4800-8AE8-20DC17AAF570}.Debug|x64.ActiveCfg = Debug|Any CPU
		{23377CBB-B7FE-4800-8AE8-20DC17AAF570}.Debug|x64.Build.0 = Debug|Any CPU
		{23377CBB-B7FE-4800-8AE8-20DC17AAF570}.Debug|x86.ActiveCfg = Debug|Any CPU
		{23377CBB-B7FE-4800-8AE8-20DC17AAF570}.Debug|x86.Build.0 = Debug|Any CPU
		{23377CBB-B7FE-4800-8AE8-20DC17AAF570}.Release|Any CPU.ActiveCfg = Release|Any CPU
		{23377CBB-B7FE-4800-8AE8-20DC17AAF570}.Release|Any CPU.Build.0 = Release|Any CPU
		{23377CBB-B7FE-4800-8AE8-20DC17AAF570}.Release|ARM.ActiveCfg = Release|Any CPU
		{23377CBB-B7FE-4800-8AE8-20DC17AAF570}.Release|ARM.Build.0 = Release|Any CPU
		{23377CBB-B7FE-4800-8AE8-20DC17AAF570}.Release|iPhone.ActiveCfg = Release|Any CPU
		{23377CBB-B7FE-4800-8AE8-20DC17AAF570}.Release|iPhone.Build.0 = Release|Any CPU
		{23377CBB-B7FE-4800-8AE8-20DC17AAF570}.Release|iPhoneSimulator.ActiveCfg = Release|Any CPU
		{23377CBB-B7FE-4800-8AE8-20DC17AAF570}.Release|iPhoneSimulator.Build.0 = Release|Any CPU
		{23377CBB-B7FE-4800-8AE8-20DC17AAF570}.Release|x64.ActiveCfg = Release|Any CPU
		{23377CBB-B7FE-4800-8AE8-20DC17AAF570}.Release|x64.Build.0 = Release|Any CPU
		{23377CBB-B7FE-4800-8AE8-20DC17AAF570}.Release|x86.ActiveCfg = Release|Any CPU
		{23377CBB-B7FE-4800-8AE8-20DC17AAF570}.Release|x86.Build.0 = Release|Any CPU
		{50A0F6BB-48C7-42B1-A1FE-1872EC0D9E76}.Ad-Hoc|Any CPU.ActiveCfg = Release|Any CPU
		{50A0F6BB-48C7-42B1-A1FE-1872EC0D9E76}.Ad-Hoc|Any CPU.Build.0 = Release|Any CPU
		{50A0F6BB-48C7-42B1-A1FE-1872EC0D9E76}.Ad-Hoc|Any CPU.Deploy.0 = Release|Any CPU
		{50A0F6BB-48C7-42B1-A1FE-1872EC0D9E76}.Ad-Hoc|ARM.ActiveCfg = Release|Any CPU
		{50A0F6BB-48C7-42B1-A1FE-1872EC0D9E76}.Ad-Hoc|ARM.Build.0 = Release|Any CPU
		{50A0F6BB-48C7-42B1-A1FE-1872EC0D9E76}.Ad-Hoc|ARM.Deploy.0 = Release|Any CPU
		{50A0F6BB-48C7-42B1-A1FE-1872EC0D9E76}.Ad-Hoc|iPhone.ActiveCfg = Release|Any CPU
		{50A0F6BB-48C7-42B1-A1FE-1872EC0D9E76}.Ad-Hoc|iPhone.Build.0 = Release|Any CPU
		{50A0F6BB-48C7-42B1-A1FE-1872EC0D9E76}.Ad-Hoc|iPhone.Deploy.0 = Release|Any CPU
		{50A0F6BB-48C7-42B1-A1FE-1872EC0D9E76}.Ad-Hoc|iPhoneSimulator.ActiveCfg = Release|Any CPU
		{50A0F6BB-48C7-42B1-A1FE-1872EC0D9E76}.Ad-Hoc|iPhoneSimulator.Build.0 = Release|Any CPU
		{50A0F6BB-48C7-42B1-A1FE-1872EC0D9E76}.Ad-Hoc|iPhoneSimulator.Deploy.0 = Release|Any CPU
		{50A0F6BB-48C7-42B1-A1FE-1872EC0D9E76}.Ad-Hoc|x64.ActiveCfg = Release|Any CPU
		{50A0F6BB-48C7-42B1-A1FE-1872EC0D9E76}.Ad-Hoc|x64.Build.0 = Release|Any CPU
		{50A0F6BB-48C7-42B1-A1FE-1872EC0D9E76}.Ad-Hoc|x64.Deploy.0 = Release|Any CPU
		{50A0F6BB-48C7-42B1-A1FE-1872EC0D9E76}.Ad-Hoc|x86.ActiveCfg = Release|Any CPU
		{50A0F6BB-48C7-42B1-A1FE-1872EC0D9E76}.Ad-Hoc|x86.Build.0 = Release|Any CPU
		{50A0F6BB-48C7-42B1-A1FE-1872EC0D9E76}.Ad-Hoc|x86.Deploy.0 = Release|Any CPU
		{50A0F6BB-48C7-42B1-A1FE-1872EC0D9E76}.AppStore|Any CPU.ActiveCfg = Release|Any CPU
		{50A0F6BB-48C7-42B1-A1FE-1872EC0D9E76}.AppStore|Any CPU.Build.0 = Release|Any CPU
		{50A0F6BB-48C7-42B1-A1FE-1872EC0D9E76}.AppStore|Any CPU.Deploy.0 = Release|Any CPU
		{50A0F6BB-48C7-42B1-A1FE-1872EC0D9E76}.AppStore|ARM.ActiveCfg = Release|Any CPU
		{50A0F6BB-48C7-42B1-A1FE-1872EC0D9E76}.AppStore|ARM.Build.0 = Release|Any CPU
		{50A0F6BB-48C7-42B1-A1FE-1872EC0D9E76}.AppStore|ARM.Deploy.0 = Release|Any CPU
		{50A0F6BB-48C7-42B1-A1FE-1872EC0D9E76}.AppStore|iPhone.ActiveCfg = Release|Any CPU
		{50A0F6BB-48C7-42B1-A1FE-1872EC0D9E76}.AppStore|iPhone.Build.0 = Release|Any CPU
		{50A0F6BB-48C7-42B1-A1FE-1872EC0D9E76}.AppStore|iPhone.Deploy.0 = Release|Any CPU
		{50A0F6BB-48C7-42B1-A1FE-1872EC0D9E76}.AppStore|iPhoneSimulator.ActiveCfg = Release|Any CPU
		{50A0F6BB-48C7-42B1-A1FE-1872EC0D9E76}.AppStore|iPhoneSimulator.Build.0 = Release|Any CPU
		{50A0F6BB-48C7-42B1-A1FE-1872EC0D9E76}.AppStore|iPhoneSimulator.Deploy.0 = Release|Any CPU
		{50A0F6BB-48C7-42B1-A1FE-1872EC0D9E76}.AppStore|x64.ActiveCfg = Release|Any CPU
		{50A0F6BB-48C7-42B1-A1FE-1872EC0D9E76}.AppStore|x64.Build.0 = Release|Any CPU
		{50A0F6BB-48C7-42B1-A1FE-1872EC0D9E76}.AppStore|x64.Deploy.0 = Release|Any CPU
		{50A0F6BB-48C7-42B1-A1FE-1872EC0D9E76}.AppStore|x86.ActiveCfg = Release|Any CPU
		{50A0F6BB-48C7-42B1-A1FE-1872EC0D9E76}.AppStore|x86.Build.0 = Release|Any CPU
		{50A0F6BB-48C7-42B1-A1FE-1872EC0D9E76}.AppStore|x86.Deploy.0 = Release|Any CPU
		{50A0F6BB-48C7-42B1-A1FE-1872EC0D9E76}.Debug|Any CPU.ActiveCfg = Debug|Any CPU
		{50A0F6BB-48C7-42B1-A1FE-1872EC0D9E76}.Debug|Any CPU.Build.0 = Debug|Any CPU
		{50A0F6BB-48C7-42B1-A1FE-1872EC0D9E76}.Debug|Any CPU.Deploy.0 = Debug|Any CPU
		{50A0F6BB-48C7-42B1-A1FE-1872EC0D9E76}.Debug|ARM.ActiveCfg = Debug|Any CPU
		{50A0F6BB-48C7-42B1-A1FE-1872EC0D9E76}.Debug|ARM.Build.0 = Debug|Any CPU
		{50A0F6BB-48C7-42B1-A1FE-1872EC0D9E76}.Debug|ARM.Deploy.0 = Debug|Any CPU
		{50A0F6BB-48C7-42B1-A1FE-1872EC0D9E76}.Debug|iPhone.ActiveCfg = Debug|Any CPU
		{50A0F6BB-48C7-42B1-A1FE-1872EC0D9E76}.Debug|iPhone.Build.0 = Debug|Any CPU
		{50A0F6BB-48C7-42B1-A1FE-1872EC0D9E76}.Debug|iPhone.Deploy.0 = Debug|Any CPU
		{50A0F6BB-48C7-42B1-A1FE-1872EC0D9E76}.Debug|iPhoneSimulator.ActiveCfg = Debug|Any CPU
		{50A0F6BB-48C7-42B1-A1FE-1872EC0D9E76}.Debug|iPhoneSimulator.Build.0 = Debug|Any CPU
		{50A0F6BB-48C7-42B1-A1FE-1872EC0D9E76}.Debug|iPhoneSimulator.Deploy.0 = Debug|Any CPU
		{50A0F6BB-48C7-42B1-A1FE-1872EC0D9E76}.Debug|x64.ActiveCfg = Debug|Any CPU
		{50A0F6BB-48C7-42B1-A1FE-1872EC0D9E76}.Debug|x64.Build.0 = Debug|Any CPU
		{50A0F6BB-48C7-42B1-A1FE-1872EC0D9E76}.Debug|x64.Deploy.0 = Debug|Any CPU
		{50A0F6BB-48C7-42B1-A1FE-1872EC0D9E76}.Debug|x86.ActiveCfg = Debug|Any CPU
		{50A0F6BB-48C7-42B1-A1FE-1872EC0D9E76}.Debug|x86.Build.0 = Debug|Any CPU
		{50A0F6BB-48C7-42B1-A1FE-1872EC0D9E76}.Debug|x86.Deploy.0 = Debug|Any CPU
		{50A0F6BB-48C7-42B1-A1FE-1872EC0D9E76}.Release|Any CPU.ActiveCfg = Release|Any CPU
		{50A0F6BB-48C7-42B1-A1FE-1872EC0D9E76}.Release|Any CPU.Build.0 = Release|Any CPU
		{50A0F6BB-48C7-42B1-A1FE-1872EC0D9E76}.Release|Any CPU.Deploy.0 = Release|Any CPU
		{50A0F6BB-48C7-42B1-A1FE-1872EC0D9E76}.Release|ARM.ActiveCfg = Release|Any CPU
		{50A0F6BB-48C7-42B1-A1FE-1872EC0D9E76}.Release|ARM.Build.0 = Release|Any CPU
		{50A0F6BB-48C7-42B1-A1FE-1872EC0D9E76}.Release|ARM.Deploy.0 = Release|Any CPU
		{50A0F6BB-48C7-42B1-A1FE-1872EC0D9E76}.Release|iPhone.ActiveCfg = Release|Any CPU
		{50A0F6BB-48C7-42B1-A1FE-1872EC0D9E76}.Release|iPhone.Build.0 = Release|Any CPU
		{50A0F6BB-48C7-42B1-A1FE-1872EC0D9E76}.Release|iPhone.Deploy.0 = Release|Any CPU
		{50A0F6BB-48C7-42B1-A1FE-1872EC0D9E76}.Release|iPhoneSimulator.ActiveCfg = Release|Any CPU
		{50A0F6BB-48C7-42B1-A1FE-1872EC0D9E76}.Release|iPhoneSimulator.Build.0 = Release|Any CPU
		{50A0F6BB-48C7-42B1-A1FE-1872EC0D9E76}.Release|iPhoneSimulator.Deploy.0 = Release|Any CPU
		{50A0F6BB-48C7-42B1-A1FE-1872EC0D9E76}.Release|x64.ActiveCfg = Release|Any CPU
		{50A0F6BB-48C7-42B1-A1FE-1872EC0D9E76}.Release|x64.Build.0 = Release|Any CPU
		{50A0F6BB-48C7-42B1-A1FE-1872EC0D9E76}.Release|x64.Deploy.0 = Release|Any CPU
		{50A0F6BB-48C7-42B1-A1FE-1872EC0D9E76}.Release|x86.ActiveCfg = Release|Any CPU
		{50A0F6BB-48C7-42B1-A1FE-1872EC0D9E76}.Release|x86.Build.0 = Release|Any CPU
		{50A0F6BB-48C7-42B1-A1FE-1872EC0D9E76}.Release|x86.Deploy.0 = Release|Any CPU
		{992B65D8-17A7-441F-AB5B-6BF82CEB5234}.Ad-Hoc|Any CPU.ActiveCfg = Ad-Hoc|iPhone
		{992B65D8-17A7-441F-AB5B-6BF82CEB5234}.Ad-Hoc|ARM.ActiveCfg = Ad-Hoc|iPhone
		{992B65D8-17A7-441F-AB5B-6BF82CEB5234}.Ad-Hoc|iPhone.ActiveCfg = Ad-Hoc|iPhone
		{992B65D8-17A7-441F-AB5B-6BF82CEB5234}.Ad-Hoc|iPhone.Build.0 = Ad-Hoc|iPhone
		{992B65D8-17A7-441F-AB5B-6BF82CEB5234}.Ad-Hoc|iPhoneSimulator.ActiveCfg = Ad-Hoc|iPhoneSimulator
		{992B65D8-17A7-441F-AB5B-6BF82CEB5234}.Ad-Hoc|iPhoneSimulator.Build.0 = Ad-Hoc|iPhoneSimulator
		{992B65D8-17A7-441F-AB5B-6BF82CEB5234}.Ad-Hoc|x64.ActiveCfg = Ad-Hoc|iPhone
		{992B65D8-17A7-441F-AB5B-6BF82CEB5234}.Ad-Hoc|x86.ActiveCfg = Ad-Hoc|iPhone
		{992B65D8-17A7-441F-AB5B-6BF82CEB5234}.AppStore|Any CPU.ActiveCfg = AppStore|iPhone
		{992B65D8-17A7-441F-AB5B-6BF82CEB5234}.AppStore|ARM.ActiveCfg = AppStore|iPhone
		{992B65D8-17A7-441F-AB5B-6BF82CEB5234}.AppStore|iPhone.ActiveCfg = AppStore|iPhone
		{992B65D8-17A7-441F-AB5B-6BF82CEB5234}.AppStore|iPhone.Build.0 = AppStore|iPhone
		{992B65D8-17A7-441F-AB5B-6BF82CEB5234}.AppStore|iPhoneSimulator.ActiveCfg = AppStore|iPhoneSimulator
		{992B65D8-17A7-441F-AB5B-6BF82CEB5234}.AppStore|iPhoneSimulator.Build.0 = AppStore|iPhoneSimulator
		{992B65D8-17A7-441F-AB5B-6BF82CEB5234}.AppStore|x64.ActiveCfg = AppStore|iPhone
		{992B65D8-17A7-441F-AB5B-6BF82CEB5234}.AppStore|x86.ActiveCfg = AppStore|iPhone
		{992B65D8-17A7-441F-AB5B-6BF82CEB5234}.Debug|Any CPU.ActiveCfg = Debug|iPhone
		{992B65D8-17A7-441F-AB5B-6BF82CEB5234}.Debug|ARM.ActiveCfg = Debug|iPhone
		{992B65D8-17A7-441F-AB5B-6BF82CEB5234}.Debug|iPhone.ActiveCfg = Debug|iPhone
		{992B65D8-17A7-441F-AB5B-6BF82CEB5234}.Debug|iPhone.Build.0 = Debug|iPhone
		{992B65D8-17A7-441F-AB5B-6BF82CEB5234}.Debug|iPhoneSimulator.ActiveCfg = Debug|iPhoneSimulator
		{992B65D8-17A7-441F-AB5B-6BF82CEB5234}.Debug|iPhoneSimulator.Build.0 = Debug|iPhoneSimulator
		{992B65D8-17A7-441F-AB5B-6BF82CEB5234}.Debug|x64.ActiveCfg = Debug|iPhone
		{992B65D8-17A7-441F-AB5B-6BF82CEB5234}.Debug|x86.ActiveCfg = Debug|iPhone
		{992B65D8-17A7-441F-AB5B-6BF82CEB5234}.Release|Any CPU.ActiveCfg = Release|iPhone
		{992B65D8-17A7-441F-AB5B-6BF82CEB5234}.Release|ARM.ActiveCfg = Release|iPhone
		{992B65D8-17A7-441F-AB5B-6BF82CEB5234}.Release|iPhone.ActiveCfg = Release|iPhone
		{992B65D8-17A7-441F-AB5B-6BF82CEB5234}.Release|iPhone.Build.0 = Release|iPhone
		{992B65D8-17A7-441F-AB5B-6BF82CEB5234}.Release|iPhoneSimulator.ActiveCfg = Release|iPhoneSimulator
		{992B65D8-17A7-441F-AB5B-6BF82CEB5234}.Release|iPhoneSimulator.Build.0 = Release|iPhoneSimulator
		{992B65D8-17A7-441F-AB5B-6BF82CEB5234}.Release|x64.ActiveCfg = Release|iPhone
		{992B65D8-17A7-441F-AB5B-6BF82CEB5234}.Release|x86.ActiveCfg = Release|iPhone
		{8663970D-6EB1-400B-BCC8-28EFA1279E8F}.Ad-Hoc|Any CPU.ActiveCfg = Debug|Any CPU
		{8663970D-6EB1-400B-BCC8-28EFA1279E8F}.Ad-Hoc|Any CPU.Build.0 = Debug|Any CPU
		{8663970D-6EB1-400B-BCC8-28EFA1279E8F}.Ad-Hoc|ARM.ActiveCfg = Debug|Any CPU
		{8663970D-6EB1-400B-BCC8-28EFA1279E8F}.Ad-Hoc|ARM.Build.0 = Debug|Any CPU
		{8663970D-6EB1-400B-BCC8-28EFA1279E8F}.Ad-Hoc|iPhone.ActiveCfg = Debug|Any CPU
		{8663970D-6EB1-400B-BCC8-28EFA1279E8F}.Ad-Hoc|iPhone.Build.0 = Debug|Any CPU
		{8663970D-6EB1-400B-BCC8-28EFA1279E8F}.Ad-Hoc|iPhoneSimulator.ActiveCfg = Debug|Any CPU
		{8663970D-6EB1-400B-BCC8-28EFA1279E8F}.Ad-Hoc|iPhoneSimulator.Build.0 = Debug|Any CPU
		{8663970D-6EB1-400B-BCC8-28EFA1279E8F}.Ad-Hoc|x64.ActiveCfg = Debug|Any CPU
		{8663970D-6EB1-400B-BCC8-28EFA1279E8F}.Ad-Hoc|x64.Build.0 = Debug|Any CPU
		{8663970D-6EB1-400B-BCC8-28EFA1279E8F}.Ad-Hoc|x86.ActiveCfg = Debug|Any CPU
		{8663970D-6EB1-400B-BCC8-28EFA1279E8F}.Ad-Hoc|x86.Build.0 = Debug|Any CPU
		{8663970D-6EB1-400B-BCC8-28EFA1279E8F}.AppStore|Any CPU.ActiveCfg = Debug|Any CPU
		{8663970D-6EB1-400B-BCC8-28EFA1279E8F}.AppStore|Any CPU.Build.0 = Debug|Any CPU
		{8663970D-6EB1-400B-BCC8-28EFA1279E8F}.AppStore|ARM.ActiveCfg = Debug|Any CPU
		{8663970D-6EB1-400B-BCC8-28EFA1279E8F}.AppStore|ARM.Build.0 = Debug|Any CPU
		{8663970D-6EB1-400B-BCC8-28EFA1279E8F}.AppStore|iPhone.ActiveCfg = Debug|Any CPU
		{8663970D-6EB1-400B-BCC8-28EFA1279E8F}.AppStore|iPhone.Build.0 = Debug|Any CPU
		{8663970D-6EB1-400B-BCC8-28EFA1279E8F}.AppStore|iPhoneSimulator.ActiveCfg = Debug|Any CPU
		{8663970D-6EB1-400B-BCC8-28EFA1279E8F}.AppStore|iPhoneSimulator.Build.0 = Debug|Any CPU
		{8663970D-6EB1-400B-BCC8-28EFA1279E8F}.AppStore|x64.ActiveCfg = Debug|Any CPU
		{8663970D-6EB1-400B-BCC8-28EFA1279E8F}.AppStore|x64.Build.0 = Debug|Any CPU
		{8663970D-6EB1-400B-BCC8-28EFA1279E8F}.AppStore|x86.ActiveCfg = Debug|Any CPU
		{8663970D-6EB1-400B-BCC8-28EFA1279E8F}.AppStore|x86.Build.0 = Debug|Any CPU
		{8663970D-6EB1-400B-BCC8-28EFA1279E8F}.Debug|Any CPU.ActiveCfg = Debug|Any CPU
		{8663970D-6EB1-400B-BCC8-28EFA1279E8F}.Debug|Any CPU.Build.0 = Debug|Any CPU
		{8663970D-6EB1-400B-BCC8-28EFA1279E8F}.Debug|ARM.ActiveCfg = Debug|Any CPU
		{8663970D-6EB1-400B-BCC8-28EFA1279E8F}.Debug|ARM.Build.0 = Debug|Any CPU
		{8663970D-6EB1-400B-BCC8-28EFA1279E8F}.Debug|iPhone.ActiveCfg = Debug|Any CPU
		{8663970D-6EB1-400B-BCC8-28EFA1279E8F}.Debug|iPhone.Build.0 = Debug|Any CPU
		{8663970D-6EB1-400B-BCC8-28EFA1279E8F}.Debug|iPhoneSimulator.ActiveCfg = Debug|Any CPU
		{8663970D-6EB1-400B-BCC8-28EFA1279E8F}.Debug|iPhoneSimulator.Build.0 = Debug|Any CPU
		{8663970D-6EB1-400B-BCC8-28EFA1279E8F}.Debug|x64.ActiveCfg = Debug|Any CPU
		{8663970D-6EB1-400B-BCC8-28EFA1279E8F}.Debug|x64.Build.0 = Debug|Any CPU
		{8663970D-6EB1-400B-BCC8-28EFA1279E8F}.Debug|x86.ActiveCfg = Debug|Any CPU
		{8663970D-6EB1-400B-BCC8-28EFA1279E8F}.Debug|x86.Build.0 = Debug|Any CPU
		{8663970D-6EB1-400B-BCC8-28EFA1279E8F}.Release|Any CPU.ActiveCfg = Release|Any CPU
		{8663970D-6EB1-400B-BCC8-28EFA1279E8F}.Release|Any CPU.Build.0 = Release|Any CPU
		{8663970D-6EB1-400B-BCC8-28EFA1279E8F}.Release|ARM.ActiveCfg = Release|Any CPU
		{8663970D-6EB1-400B-BCC8-28EFA1279E8F}.Release|ARM.Build.0 = Release|Any CPU
		{8663970D-6EB1-400B-BCC8-28EFA1279E8F}.Release|iPhone.ActiveCfg = Release|Any CPU
		{8663970D-6EB1-400B-BCC8-28EFA1279E8F}.Release|iPhone.Build.0 = Release|Any CPU
		{8663970D-6EB1-400B-BCC8-28EFA1279E8F}.Release|iPhoneSimulator.ActiveCfg = Release|Any CPU
		{8663970D-6EB1-400B-BCC8-28EFA1279E8F}.Release|iPhoneSimulator.Build.0 = Release|Any CPU
		{8663970D-6EB1-400B-BCC8-28EFA1279E8F}.Release|x64.ActiveCfg = Release|Any CPU
		{8663970D-6EB1-400B-BCC8-28EFA1279E8F}.Release|x64.Build.0 = Release|Any CPU
		{8663970D-6EB1-400B-BCC8-28EFA1279E8F}.Release|x86.ActiveCfg = Release|Any CPU
		{8663970D-6EB1-400B-BCC8-28EFA1279E8F}.Release|x86.Build.0 = Release|Any CPU
	EndGlobalSection
	GlobalSection(SolutionProperties) = preSolution
		HideSolutionNode = FALSE
	EndGlobalSection
	GlobalSection(ExtensibilityGlobals) = postSolution
		SolutionGuid = {C1211B69-2CC3-4CEB-93FC-D85D840EFAD5}
	EndGlobalSection
EndGlobal
